
Microsoft Visual Studio Solution File, Format Version 12.00
# Visual Studio 15
VisualStudioVersion = 15.0.27130.2020
MinimumVisualStudioVersion = 10.0.40219.1
Project("{9A19103F-16F7-4668-BE54-9A1E7A4F7556}") = "BinanceTrader.Tools", "BinanceTrader.Tools\BinanceTrader.Tools.csproj", "{05921E52-1C36-4126-941B-F158BE62C28A}"
EndProject
Project("{FAE04EC0-301F-11D3-BF4B-00C04F79EFBC}") = "Binance.API.Csharp.Client.Domain", "Submodules\BinanceApi\Binance.API.Csharp.Client.Domain\Binance.API.Csharp.Client.Domain.csproj", "{E255F763-A2FE-43A8-9331-019796C935C7}"
EndProject
Project("{2150E333-8FDC-42A3-9474-1A3956D46DE8}") = "Submodules", "Submodules", "{2C5C11BF-53E6-4339-AC92-CAA95AC351D6}"
EndProject
Project("{FAE04EC0-301F-11D3-BF4B-00C04F79EFBC}") = "Binance.API.Csharp.Client", "Submodules\BinanceApi\Binance.API.Csharp.Client\Binance.API.Csharp.Client.csproj", "{EC2A020E-338A-46EE-9D08-C158CBD49C92}"
EndProject
Project("{FAE04EC0-301F-11D3-BF4B-00C04F79EFBC}") = "Binance.API.Csharp.Client.Models", "Submodules\BinanceApi\Binance.API.Csharp.Client.Models\Binance.API.Csharp.Client.Models.csproj", "{7CF40EB8-D81D-40B5-B849-17E5662175D6}"
EndProject
Project("{FAE04EC0-301F-11D3-BF4B-00C04F79EFBC}") = "Binance.API.Csharp.Client.Test", "Submodules\BinanceApi\Binance.API.Csharp.Client.Test\Binance.API.Csharp.Client.Test.csproj", "{6F565960-4CB7-4292-9B46-17EF0E70EBBF}"
EndProject
Project("{FAE04EC0-301F-11D3-BF4B-00C04F79EFBC}") = "BinanceTrader.WebJob", "BinanceTrader.WebJob\BinanceTrader.WebJob.csproj", "{536E80EF-2932-4184-9AA7-D9E83B60A709}"
EndProject
Project("{FAE04EC0-301F-11D3-BF4B-00C04F79EFBC}") = "BinanceTrader.Tests", "BinanceTrader.Tests\BinanceTrader.Tests.csproj", "{C05238AC-299C-4D97-B075-103466E47BAB}"
EndProject
Project("{2150E333-8FDC-42A3-9474-1A3956D46DE8}") = "Tests", "Tests", "{25388734-3B93-4FE2-820A-A132C69F565D}"
EndProject
Project("{2150E333-8FDC-42A3-9474-1A3956D46DE8}") = "Tools", "Tools", "{FDDD628A-427D-408E-89D2-613F3572103C}"
EndProject
Project("{FAE04EC0-301F-11D3-BF4B-00C04F79EFBC}") = "BinanceTrader.Cli", "BinanceTrader.Cli\BinanceTrader.Cli.csproj", "{EE9A8612-C3EA-4BD8-8DCA-6968B363B465}"
EndProject
Project("{2150E333-8FDC-42A3-9474-1A3956D46DE8}") = "Clients", "Clients", "{78727259-D6D3-4FFD-8EA1-AD89F26C042D}"
EndProject
Project("{FAE04EC0-301F-11D3-BF4B-00C04F79EFBC}") = "BinanceTrader.Core", "BinanceTrader.Core\BinanceTrader.Core.csproj", "{A0CA2194-D70D-434A-A320-5E6CA39C3C32}"
EndProject
Global
	GlobalSection(SolutionConfigurationPlatforms) = preSolution
		Debug|Any CPU = Debug|Any CPU
		Release|Any CPU = Release|Any CPU
	EndGlobalSection
	GlobalSection(ProjectConfigurationPlatforms) = postSolution
		{05921E52-1C36-4126-941B-F158BE62C28A}.Debug|Any CPU.ActiveCfg = Debug|Any CPU
		{05921E52-1C36-4126-941B-F158BE62C28A}.Debug|Any CPU.Build.0 = Debug|Any CPU
		{05921E52-1C36-4126-941B-F158BE62C28A}.Release|Any CPU.ActiveCfg = Release|Any CPU
		{05921E52-1C36-4126-941B-F158BE62C28A}.Release|Any CPU.Build.0 = Release|Any CPU
		{E255F763-A2FE-43A8-9331-019796C935C7}.Debug|Any CPU.ActiveCfg = Debug|Any CPU
		{E255F763-A2FE-43A8-9331-019796C935C7}.Debug|Any CPU.Build.0 = Debug|Any CPU
		{E255F763-A2FE-43A8-9331-019796C935C7}.Release|Any CPU.ActiveCfg = Release|Any CPU
		{E255F763-A2FE-43A8-9331-019796C935C7}.Release|Any CPU.Build.0 = Release|Any CPU
		{EC2A020E-338A-46EE-9D08-C158CBD49C92}.Debug|Any CPU.ActiveCfg = Debug|Any CPU
		{EC2A020E-338A-46EE-9D08-C158CBD49C92}.Debug|Any CPU.Build.0 = Debug|Any CPU
		{EC2A020E-338A-46EE-9D08-C158CBD49C92}.Release|Any CPU.ActiveCfg = Release|Any CPU
		{EC2A020E-338A-46EE-9D08-C158CBD49C92}.Release|Any CPU.Build.0 = Release|Any CPU
		{7CF40EB8-D81D-40B5-B849-17E5662175D6}.Debug|Any CPU.ActiveCfg = Debug|Any CPU
		{7CF40EB8-D81D-40B5-B849-17E5662175D6}.Debug|Any CPU.Build.0 = Debug|Any CPU
		{7CF40EB8-D81D-40B5-B849-17E5662175D6}.Release|Any CPU.ActiveCfg = Release|Any CPU
		{7CF40EB8-D81D-40B5-B849-17E5662175D6}.Release|Any CPU.Build.0 = Release|Any CPU
		{6F565960-4CB7-4292-9B46-17EF0E70EBBF}.Debug|Any CPU.ActiveCfg = Debug|Any CPU
		{6F565960-4CB7-4292-9B46-17EF0E70EBBF}.Debug|Any CPU.Build.0 = Debug|Any CPU
		{6F565960-4CB7-4292-9B46-17EF0E70EBBF}.Release|Any CPU.ActiveCfg = Release|Any CPU
		{6F565960-4CB7-4292-9B46-17EF0E70EBBF}.Release|Any CPU.Build.0 = Release|Any CPU
		{536E80EF-2932-4184-9AA7-D9E83B60A709}.Debug|Any CPU.ActiveCfg = Debug|Any CPU
		{536E80EF-2932-4184-9AA7-D9E83B60A709}.Debug|Any CPU.Build.0 = Debug|Any CPU
		{536E80EF-2932-4184-9AA7-D9E83B60A709}.Release|Any CPU.ActiveCfg = Release|Any CPU
		{536E80EF-2932-4184-9AA7-D9E83B60A709}.Release|Any CPU.Build.0 = Release|Any CPU
		{C05238AC-299C-4D97-B075-103466E47BAB}.Debug|Any CPU.ActiveCfg = Debug|Any CPU
		{C05238AC-299C-4D97-B075-103466E47BAB}.Debug|Any CPU.Build.0 = Debug|Any CPU
		{C05238AC-299C-4D97-B075-103466E47BAB}.Release|Any CPU.ActiveCfg = Release|Any CPU
		{C05238AC-299C-4D97-B075-103466E47BAB}.Release|Any CPU.Build.0 = Release|Any CPU
		{EE9A8612-C3EA-4BD8-8DCA-6968B363B465}.Debug|Any CPU.ActiveCfg = Debug|Any CPU
		{EE9A8612-C3EA-4BD8-8DCA-6968B363B465}.Debug|Any CPU.Build.0 = Debug|Any CPU
		{EE9A8612-C3EA-4BD8-8DCA-6968B363B465}.Release|Any CPU.ActiveCfg = Release|Any CPU
		{EE9A8612-C3EA-4BD8-8DCA-6968B363B465}.Release|Any CPU.Build.0 = Release|Any CPU
		{A0CA2194-D70D-434A-A320-5E6CA39C3C32}.Debug|Any CPU.ActiveCfg = Debug|Any CPU
		{A0CA2194-D70D-434A-A320-5E6CA39C3C32}.Debug|Any CPU.Build.0 = Debug|Any CPU
		{A0CA2194-D70D-434A-A320-5E6CA39C3C32}.Release|Any CPU.ActiveCfg = Release|Any CPU
		{A0CA2194-D70D-434A-A320-5E6CA39C3C32}.Release|Any CPU.Build.0 = Release|Any CPU
	EndGlobalSection
	GlobalSection(SolutionProperties) = preSolution
		HideSolutionNode = FALSE
	EndGlobalSection
	GlobalSection(NestedProjects) = preSolution
		{05921E52-1C36-4126-941B-F158BE62C28A} = {FDDD628A-427D-408E-89D2-613F3572103C}
		{E255F763-A2FE-43A8-9331-019796C935C7} = {2C5C11BF-53E6-4339-AC92-CAA95AC351D6}
		{EC2A020E-338A-46EE-9D08-C158CBD49C92} = {2C5C11BF-53E6-4339-AC92-CAA95AC351D6}
		{7CF40EB8-D81D-40B5-B849-17E5662175D6} = {2C5C11BF-53E6-4339-AC92-CAA95AC351D6}
		{6F565960-4CB7-4292-9B46-17EF0E70EBBF} = {2C5C11BF-53E6-4339-AC92-CAA95AC351D6}
		{536E80EF-2932-4184-9AA7-D9E83B60A709} = {78727259-D6D3-4FFD-8EA1-AD89F26C042D}
		{C05238AC-299C-4D97-B075-103466E47BAB} = {25388734-3B93-4FE2-820A-A132C69F565D}
		{EE9A8612-C3EA-4BD8-8DCA-6968B363B465} = {78727259-D6D3-4FFD-8EA1-AD89F26C042D}
	EndGlobalSection
	GlobalSection(ExtensibilityGlobals) = postSolution
		SolutionGuid = {0D7E5627-8A3F-4EA2-A5DD-8249C2FAF2E8}
	EndGlobalSection
EndGlobal
