
Microsoft Visual Studio Solution File, Format Version 12.00
# Visual Studio 15
VisualStudioVersion = 15.0.27004.2010
MinimumVisualStudioVersion = 10.0.40219.1
Project("{FAE04EC0-301F-11D3-BF4B-00C04F79EFBC}") = "BinanceTrader.Trader", "BinanceTrader.Trader\BinanceTrader.Trader.csproj", "{C05238AC-299C-4D97-B075-103466E47BAB}"
EndProject
Project("{9A19103F-16F7-4668-BE54-9A1E7A4F7556}") = "BinanceTrader.Tests", "BinanceTrader.Tests\BinanceTrader.Tests.csproj", "{DE5C4A0C-EEA6-4954-95E5-2744C3209CD5}"
EndProject
Project("{2150E333-8FDC-42A3-9474-1A3956D46DE8}") = "Trady", "Trady", "{E2F7BE23-519E-45A0-938E-C76A5FAE178B}"
EndProject
Project("{9A19103F-16F7-4668-BE54-9A1E7A4F7556}") = "Trady.Analysis", "Trady\Trady.Analysis\Trady.Analysis.csproj", "{AD0E14B7-A227-4D4E-94CB-978990CBE1A2}"
EndProject
Project("{9A19103F-16F7-4668-BE54-9A1E7A4F7556}") = "Trady.Core", "Trady\Trady.Core\Trady.Core.csproj", "{2101B737-413C-4360-8120-4EFA6E0ABB2E}"
EndProject
Project("{9A19103F-16F7-4668-BE54-9A1E7A4F7556}") = "Trady.Importer", "Trady\Trady.Importer\Trady.Importer.csproj", "{7B3C402F-632A-4C23-A2D4-AE9E09C22901}"
EndProject
Project("{9A19103F-16F7-4668-BE54-9A1E7A4F7556}") = "Trady.Test", "Trady\Trady.Test\Trady.Test.csproj", "{4C072BA7-FA8D-4CC0-A788-38BB1F303871}"
EndProject
Project("{9A19103F-16F7-4668-BE54-9A1E7A4F7556}") = "Trady.Importer.Csv", "Trady\Trady.Importer.Csv\Trady.Importer.Csv.csproj", "{A488495A-4CBB-494F-B2AF-D9F017E36EA1}"
EndProject
Project("{9A19103F-16F7-4668-BE54-9A1E7A4F7556}") = "Trady.Importer.Google", "Trady\Trady.Importer.Google\Trady.Importer.Google.csproj", "{438B2C1E-ED63-4571-9EB7-D7498376469A}"
EndProject
Project("{9A19103F-16F7-4668-BE54-9A1E7A4F7556}") = "Trady.Importer.Quandl", "Trady\Trady.Importer.Quandl\Trady.Importer.Quandl.csproj", "{02D11774-D428-4F34-AB3F-537793C02BF9}"
EndProject
Project("{9A19103F-16F7-4668-BE54-9A1E7A4F7556}") = "Trady.Importer.Stooq", "Trady\Trady.Importer.Stooq\Trady.Importer.Stooq.csproj", "{3C6C948A-ECC3-4363-B4BD-D5B6A0EE357A}"
EndProject
Project("{9A19103F-16F7-4668-BE54-9A1E7A4F7556}") = "Trady.Importer.Yahoo", "Trady\Trady.Importer.Yahoo\Trady.Importer.Yahoo.csproj", "{D34680D6-99D8-466F-9DF3-B33668117EFE}"
EndProject
Project("{9A19103F-16F7-4668-BE54-9A1E7A4F7556}") = "BinanceTrader.Analytics", "BinanceTrader.Analytics\BinanceTrader.Analytics.csproj", "{CA8EBC31-7E5A-4E17-81CB-C49E7A6A07CD}"
EndProject
Project("{9A19103F-16F7-4668-BE54-9A1E7A4F7556}") = "BinanceTrader.Core", "BinanceTrader.Core\BinanceTrader.Core.csproj", "{80112D69-6E99-493B-9427-825BA3208139}"
EndProject
Project("{9A19103F-16F7-4668-BE54-9A1E7A4F7556}") = "BinanceTrader.Tools", "BinanceTrader.Tools\BinanceTrader.Tools.csproj", "{05921E52-1C36-4126-941B-F158BE62C28A}"
EndProject
Project("{9A19103F-16F7-4668-BE54-9A1E7A4F7556}") = "BinanceTrader.Api", "BinanceTrader.Api\BinanceTrader.Api.csproj", "{DA601AAA-B999-42D2-A4DD-CB749D4FFC84}"
EndProject
Global
	GlobalSection(SolutionConfigurationPlatforms) = preSolution
		Debug|Any CPU = Debug|Any CPU
		Release|Any CPU = Release|Any CPU
	EndGlobalSection
	GlobalSection(ProjectConfigurationPlatforms) = postSolution
		{C05238AC-299C-4D97-B075-103466E47BAB}.Debug|Any CPU.ActiveCfg = Debug|Any CPU
		{C05238AC-299C-4D97-B075-103466E47BAB}.Debug|Any CPU.Build.0 = Debug|Any CPU
		{C05238AC-299C-4D97-B075-103466E47BAB}.Release|Any CPU.ActiveCfg = Release|Any CPU
		{C05238AC-299C-4D97-B075-103466E47BAB}.Release|Any CPU.Build.0 = Release|Any CPU
		{DE5C4A0C-EEA6-4954-95E5-2744C3209CD5}.Debug|Any CPU.ActiveCfg = Debug|Any CPU
		{DE5C4A0C-EEA6-4954-95E5-2744C3209CD5}.Debug|Any CPU.Build.0 = Debug|Any CPU
		{DE5C4A0C-EEA6-4954-95E5-2744C3209CD5}.Release|Any CPU.ActiveCfg = Release|Any CPU
		{DE5C4A0C-EEA6-4954-95E5-2744C3209CD5}.Release|Any CPU.Build.0 = Release|Any CPU
		{AD0E14B7-A227-4D4E-94CB-978990CBE1A2}.Debug|Any CPU.ActiveCfg = Debug|Any CPU
		{AD0E14B7-A227-4D4E-94CB-978990CBE1A2}.Debug|Any CPU.Build.0 = Debug|Any CPU
		{AD0E14B7-A227-4D4E-94CB-978990CBE1A2}.Release|Any CPU.ActiveCfg = Release|Any CPU
		{AD0E14B7-A227-4D4E-94CB-978990CBE1A2}.Release|Any CPU.Build.0 = Release|Any CPU
		{2101B737-413C-4360-8120-4EFA6E0ABB2E}.Debug|Any CPU.ActiveCfg = Debug|Any CPU
		{2101B737-413C-4360-8120-4EFA6E0ABB2E}.Debug|Any CPU.Build.0 = Debug|Any CPU
		{2101B737-413C-4360-8120-4EFA6E0ABB2E}.Release|Any CPU.ActiveCfg = Release|Any CPU
		{2101B737-413C-4360-8120-4EFA6E0ABB2E}.Release|Any CPU.Build.0 = Release|Any CPU
		{7B3C402F-632A-4C23-A2D4-AE9E09C22901}.Debug|Any CPU.ActiveCfg = Debug|Any CPU
		{7B3C402F-632A-4C23-A2D4-AE9E09C22901}.Debug|Any CPU.Build.0 = Debug|Any CPU
		{7B3C402F-632A-4C23-A2D4-AE9E09C22901}.Release|Any CPU.ActiveCfg = Release|Any CPU
		{7B3C402F-632A-4C23-A2D4-AE9E09C22901}.Release|Any CPU.Build.0 = Release|Any CPU
		{4C072BA7-FA8D-4CC0-A788-38BB1F303871}.Debug|Any CPU.ActiveCfg = Debug|Any CPU
		{4C072BA7-FA8D-4CC0-A788-38BB1F303871}.Debug|Any CPU.Build.0 = Debug|Any CPU
		{4C072BA7-FA8D-4CC0-A788-38BB1F303871}.Release|Any CPU.ActiveCfg = Release|Any CPU
		{4C072BA7-FA8D-4CC0-A788-38BB1F303871}.Release|Any CPU.Build.0 = Release|Any CPU
		{A488495A-4CBB-494F-B2AF-D9F017E36EA1}.Debug|Any CPU.ActiveCfg = Debug|Any CPU
		{A488495A-4CBB-494F-B2AF-D9F017E36EA1}.Debug|Any CPU.Build.0 = Debug|Any CPU
		{A488495A-4CBB-494F-B2AF-D9F017E36EA1}.Release|Any CPU.ActiveCfg = Release|Any CPU
		{A488495A-4CBB-494F-B2AF-D9F017E36EA1}.Release|Any CPU.Build.0 = Release|Any CPU
		{438B2C1E-ED63-4571-9EB7-D7498376469A}.Debug|Any CPU.ActiveCfg = Debug|Any CPU
		{438B2C1E-ED63-4571-9EB7-D7498376469A}.Debug|Any CPU.Build.0 = Debug|Any CPU
		{438B2C1E-ED63-4571-9EB7-D7498376469A}.Release|Any CPU.ActiveCfg = Release|Any CPU
		{438B2C1E-ED63-4571-9EB7-D7498376469A}.Release|Any CPU.Build.0 = Release|Any CPU
		{02D11774-D428-4F34-AB3F-537793C02BF9}.Debug|Any CPU.ActiveCfg = Debug|Any CPU
		{02D11774-D428-4F34-AB3F-537793C02BF9}.Debug|Any CPU.Build.0 = Debug|Any CPU
		{02D11774-D428-4F34-AB3F-537793C02BF9}.Release|Any CPU.ActiveCfg = Release|Any CPU
		{02D11774-D428-4F34-AB3F-537793C02BF9}.Release|Any CPU.Build.0 = Release|Any CPU
		{3C6C948A-ECC3-4363-B4BD-D5B6A0EE357A}.Debug|Any CPU.ActiveCfg = Debug|Any CPU
		{3C6C948A-ECC3-4363-B4BD-D5B6A0EE357A}.Debug|Any CPU.Build.0 = Debug|Any CPU
		{3C6C948A-ECC3-4363-B4BD-D5B6A0EE357A}.Release|Any CPU.ActiveCfg = Release|Any CPU
		{3C6C948A-ECC3-4363-B4BD-D5B6A0EE357A}.Release|Any CPU.Build.0 = Release|Any CPU
		{D34680D6-99D8-466F-9DF3-B33668117EFE}.Debug|Any CPU.ActiveCfg = Debug|Any CPU
		{D34680D6-99D8-466F-9DF3-B33668117EFE}.Debug|Any CPU.Build.0 = Debug|Any CPU
		{D34680D6-99D8-466F-9DF3-B33668117EFE}.Release|Any CPU.ActiveCfg = Release|Any CPU
		{D34680D6-99D8-466F-9DF3-B33668117EFE}.Release|Any CPU.Build.0 = Release|Any CPU
		{CA8EBC31-7E5A-4E17-81CB-C49E7A6A07CD}.Debug|Any CPU.ActiveCfg = Debug|Any CPU
		{CA8EBC31-7E5A-4E17-81CB-C49E7A6A07CD}.Debug|Any CPU.Build.0 = Debug|Any CPU
		{CA8EBC31-7E5A-4E17-81CB-C49E7A6A07CD}.Release|Any CPU.ActiveCfg = Release|Any CPU
		{CA8EBC31-7E5A-4E17-81CB-C49E7A6A07CD}.Release|Any CPU.Build.0 = Release|Any CPU
		{80112D69-6E99-493B-9427-825BA3208139}.Debug|Any CPU.ActiveCfg = Debug|Any CPU
		{80112D69-6E99-493B-9427-825BA3208139}.Debug|Any CPU.Build.0 = Debug|Any CPU
		{80112D69-6E99-493B-9427-825BA3208139}.Release|Any CPU.ActiveCfg = Release|Any CPU
		{80112D69-6E99-493B-9427-825BA3208139}.Release|Any CPU.Build.0 = Release|Any CPU
		{05921E52-1C36-4126-941B-F158BE62C28A}.Debug|Any CPU.ActiveCfg = Debug|Any CPU
		{05921E52-1C36-4126-941B-F158BE62C28A}.Debug|Any CPU.Build.0 = Debug|Any CPU
		{05921E52-1C36-4126-941B-F158BE62C28A}.Release|Any CPU.ActiveCfg = Release|Any CPU
		{05921E52-1C36-4126-941B-F158BE62C28A}.Release|Any CPU.Build.0 = Release|Any CPU
		{DA601AAA-B999-42D2-A4DD-CB749D4FFC84}.Debug|Any CPU.ActiveCfg = Debug|Any CPU
		{DA601AAA-B999-42D2-A4DD-CB749D4FFC84}.Debug|Any CPU.Build.0 = Debug|Any CPU
		{DA601AAA-B999-42D2-A4DD-CB749D4FFC84}.Release|Any CPU.ActiveCfg = Release|Any CPU
		{DA601AAA-B999-42D2-A4DD-CB749D4FFC84}.Release|Any CPU.Build.0 = Release|Any CPU
	EndGlobalSection
	GlobalSection(SolutionProperties) = preSolution
		HideSolutionNode = FALSE
	EndGlobalSection
	GlobalSection(NestedProjects) = preSolution
		{AD0E14B7-A227-4D4E-94CB-978990CBE1A2} = {E2F7BE23-519E-45A0-938E-C76A5FAE178B}
		{2101B737-413C-4360-8120-4EFA6E0ABB2E} = {E2F7BE23-519E-45A0-938E-C76A5FAE178B}
		{7B3C402F-632A-4C23-A2D4-AE9E09C22901} = {E2F7BE23-519E-45A0-938E-C76A5FAE178B}
		{4C072BA7-FA8D-4CC0-A788-38BB1F303871} = {E2F7BE23-519E-45A0-938E-C76A5FAE178B}
		{A488495A-4CBB-494F-B2AF-D9F017E36EA1} = {E2F7BE23-519E-45A0-938E-C76A5FAE178B}
		{438B2C1E-ED63-4571-9EB7-D7498376469A} = {E2F7BE23-519E-45A0-938E-C76A5FAE178B}
		{02D11774-D428-4F34-AB3F-537793C02BF9} = {E2F7BE23-519E-45A0-938E-C76A5FAE178B}
		{3C6C948A-ECC3-4363-B4BD-D5B6A0EE357A} = {E2F7BE23-519E-45A0-938E-C76A5FAE178B}
		{D34680D6-99D8-466F-9DF3-B33668117EFE} = {E2F7BE23-519E-45A0-938E-C76A5FAE178B}
	EndGlobalSection
	GlobalSection(ExtensibilityGlobals) = postSolution
		SolutionGuid = {0D7E5627-8A3F-4EA2-A5DD-8249C2FAF2E8}
	EndGlobalSection
EndGlobal
