
Microsoft Visual Studio Solution File, Format Version 12.00
# Visual Studio Version 17
VisualStudioVersion = 17.6.33829.357
MinimumVisualStudioVersion = 10.0.40219.1
Project("{2150E333-8FDC-42A3-9474-1A3956D46DE8}") = "Tests", "Tests", "{25388734-3B93-4FE2-820A-A132C69F565D}"
EndProject
Project("{2150E333-8FDC-42A3-9474-1A3956D46DE8}") = "Tools", "Tools", "{FDDD628A-427D-408E-89D2-613F3572103C}"
EndProject
Project("{2150E333-8FDC-42A3-9474-1A3956D46DE8}") = "Clients", "Clients", "{78727259-D6D3-4FFD-8EA1-AD89F26C042D}"
EndProject
Project("{2150E333-8FDC-42A3-9474-1A3956D46DE8}") = "Api", "Api", "{F90208E2-A695-4FCA-B619-D853BDE03D6D}"
EndProject
Project("{2150E333-8FDC-42A3-9474-1A3956D46DE8}") = "Core", "Core", "{D4C1CEF6-38AD-4786-AC9F-29BB86F79A91}"
EndProject
Project("{9A19103F-16F7-4668-BE54-9A1E7A4F7556}") = "BinanceApi.Models", "Api\BinanceApi.Models\BinanceApi.Models.csproj", "{95A31AE9-B074-4F71-BFEE-73E8E300AB2A}"
EndProject
Project("{9A19103F-16F7-4668-BE54-9A1E7A4F7556}") = "BinanceApi.Domain", "Api\BinanceApi.Domain\BinanceApi.Domain.csproj", "{5FF47B71-0B9A-4B1A-AD50-8DE3D147A2BD}"
EndProject
Project("{9A19103F-16F7-4668-BE54-9A1E7A4F7556}") = "BinanceApi.Client", "Api\BinanceApi.Client\BinanceApi.Client.csproj", "{0280485B-221F-47EE-A014-4B401C1F81D9}"
EndProject
Project("{9A19103F-16F7-4668-BE54-9A1E7A4F7556}") = "BinanceApi.Tests", "Api\BinanceApi.Tests\BinanceApi.Tests.csproj", "{B20E9AAB-878E-447C-B5A2-F6AFCF1EC975}"
EndProject
Project("{9A19103F-16F7-4668-BE54-9A1E7A4F7556}") = "BinanceTrader.Cli.NetStandart", "BinanceTrader.Cli.NetStandart\BinanceTrader.Cli.NetStandart.csproj", "{9BB0302C-B3D0-41B2-BB59-24C752720DF7}"
EndProject
Project("{9A19103F-16F7-4668-BE54-9A1E7A4F7556}") = "BinanceTrader.Core.NetStandart", "BinanceTrader.Core.NetStandart\BinanceTrader.Core.NetStandart.csproj", "{D0D3C5E4-0529-44E9-998E-DF3B47F6ABF3}"
EndProject
Project("{9A19103F-16F7-4668-BE54-9A1E7A4F7556}") = "BinanceTrader.Tools.NetStandart", "BinanceTrader.Tools.NetStandart\BinanceTrader.Tools.NetStandart.csproj", "{6F34E5CE-5016-4E56-B981-0A34FB0E6579}"
EndProject
Project("{9A19103F-16F7-4668-BE54-9A1E7A4F7556}") = "BinanceTrader.Tests.NetStandart", "BinanceTrader.Tests.NetStandart\BinanceTrader.Tests.NetStandart.csproj", "{B8CF1DDE-9D56-4A3C-89B9-D097BCE6F874}"
EndProject
Project("{9A19103F-16F7-4668-BE54-9A1E7A4F7556}") = "BinanceTrader.WebJob.NetStandart", "BinanceTrader.WebJob.NetStandart\BinanceTrader.WebJob.NetStandart.csproj", "{AA74DAC5-0EF7-4E3C-BAE0-BE70E7E58A14}"
EndProject
Global
	GlobalSection(SolutionConfigurationPlatforms) = preSolution
		Debug|Any CPU = Debug|Any CPU
		Release|Any CPU = Release|Any CPU
	EndGlobalSection
	GlobalSection(ProjectConfigurationPlatforms) = postSolution
		{95A31AE9-B074-4F71-BFEE-73E8E300AB2A}.Debug|Any CPU.ActiveCfg = Debug|Any CPU
		{95A31AE9-B074-4F71-BFEE-73E8E300AB2A}.Debug|Any CPU.Build.0 = Debug|Any CPU
		{95A31AE9-B074-4F71-BFEE-73E8E300AB2A}.Release|Any CPU.ActiveCfg = Release|Any CPU
		{95A31AE9-B074-4F71-BFEE-73E8E300AB2A}.Release|Any CPU.Build.0 = Release|Any CPU
		{5FF47B71-0B9A-4B1A-AD50-8DE3D147A2BD}.Debug|Any CPU.ActiveCfg = Debug|Any CPU
		{5FF47B71-0B9A-4B1A-AD50-8DE3D147A2BD}.Debug|Any CPU.Build.0 = Debug|Any CPU
		{5FF47B71-0B9A-4B1A-AD50-8DE3D147A2BD}.Release|Any CPU.ActiveCfg = Release|Any CPU
		{5FF47B71-0B9A-4B1A-AD50-8DE3D147A2BD}.Release|Any CPU.Build.0 = Release|Any CPU
		{0280485B-221F-47EE-A014-4B401C1F81D9}.Debug|Any CPU.ActiveCfg = Debug|Any CPU
		{0280485B-221F-47EE-A014-4B401C1F81D9}.Debug|Any CPU.Build.0 = Debug|Any CPU
		{0280485B-221F-47EE-A014-4B401C1F81D9}.Release|Any CPU.ActiveCfg = Release|Any CPU
		{0280485B-221F-47EE-A014-4B401C1F81D9}.Release|Any CPU.Build.0 = Release|Any CPU
		{B20E9AAB-878E-447C-B5A2-F6AFCF1EC975}.Debug|Any CPU.ActiveCfg = Debug|Any CPU
		{B20E9AAB-878E-447C-B5A2-F6AFCF1EC975}.Debug|Any CPU.Build.0 = Debug|Any CPU
		{B20E9AAB-878E-447C-B5A2-F6AFCF1EC975}.Release|Any CPU.ActiveCfg = Release|Any CPU
		{B20E9AAB-878E-447C-B5A2-F6AFCF1EC975}.Release|Any CPU.Build.0 = Release|Any CPU
		{9BB0302C-B3D0-41B2-BB59-24C752720DF7}.Debug|Any CPU.ActiveCfg = Debug|Any CPU
		{9BB0302C-B3D0-41B2-BB59-24C752720DF7}.Debug|Any CPU.Build.0 = Debug|Any CPU
		{9BB0302C-B3D0-41B2-BB59-24C752720DF7}.Release|Any CPU.ActiveCfg = Release|Any CPU
		{9BB0302C-B3D0-41B2-BB59-24C752720DF7}.Release|Any CPU.Build.0 = Release|Any CPU
		{D0D3C5E4-0529-44E9-998E-DF3B47F6ABF3}.Debug|Any CPU.ActiveCfg = Debug|Any CPU
		{D0D3C5E4-0529-44E9-998E-DF3B47F6ABF3}.Debug|Any CPU.Build.0 = Debug|Any CPU
		{D0D3C5E4-0529-44E9-998E-DF3B47F6ABF3}.Release|Any CPU.ActiveCfg = Release|Any CPU
		{D0D3C5E4-0529-44E9-998E-DF3B47F6ABF3}.Release|Any CPU.Build.0 = Release|Any CPU
		{6F34E5CE-5016-4E56-B981-0A34FB0E6579}.Debug|Any CPU.ActiveCfg = Debug|Any CPU
		{6F34E5CE-5016-4E56-B981-0A34FB0E6579}.Debug|Any CPU.Build.0 = Debug|Any CPU
		{6F34E5CE-5016-4E56-B981-0A34FB0E6579}.Release|Any CPU.ActiveCfg = Release|Any CPU
		{6F34E5CE-5016-4E56-B981-0A34FB0E6579}.Release|Any CPU.Build.0 = Release|Any CPU
		{B8CF1DDE-9D56-4A3C-89B9-D097BCE6F874}.Debug|Any CPU.ActiveCfg = Debug|Any CPU
		{B8CF1DDE-9D56-4A3C-89B9-D097BCE6F874}.Debug|Any CPU.Build.0 = Debug|Any CPU
		{B8CF1DDE-9D56-4A3C-89B9-D097BCE6F874}.Release|Any CPU.ActiveCfg = Release|Any CPU
		{B8CF1DDE-9D56-4A3C-89B9-D097BCE6F874}.Release|Any CPU.Build.0 = Release|Any CPU
		{AA74DAC5-0EF7-4E3C-BAE0-BE70E7E58A14}.Debug|Any CPU.ActiveCfg = Debug|Any CPU
		{AA74DAC5-0EF7-4E3C-BAE0-BE70E7E58A14}.Debug|Any CPU.Build.0 = Debug|Any CPU
		{AA74DAC5-0EF7-4E3C-BAE0-BE70E7E58A14}.Release|Any CPU.ActiveCfg = Release|Any CPU
		{AA74DAC5-0EF7-4E3C-BAE0-BE70E7E58A14}.Release|Any CPU.Build.0 = Release|Any CPU
	EndGlobalSection
	GlobalSection(SolutionProperties) = preSolution
		HideSolutionNode = FALSE
	EndGlobalSection
	GlobalSection(NestedProjects) = preSolution
		{95A31AE9-B074-4F71-BFEE-73E8E300AB2A} = {F90208E2-A695-4FCA-B619-D853BDE03D6D}
		{5FF47B71-0B9A-4B1A-AD50-8DE3D147A2BD} = {F90208E2-A695-4FCA-B619-D853BDE03D6D}
		{0280485B-221F-47EE-A014-4B401C1F81D9} = {F90208E2-A695-4FCA-B619-D853BDE03D6D}
		{B20E9AAB-878E-447C-B5A2-F6AFCF1EC975} = {F90208E2-A695-4FCA-B619-D853BDE03D6D}
		{9BB0302C-B3D0-41B2-BB59-24C752720DF7} = {78727259-D6D3-4FFD-8EA1-AD89F26C042D}
		{D0D3C5E4-0529-44E9-998E-DF3B47F6ABF3} = {D4C1CEF6-38AD-4786-AC9F-29BB86F79A91}
		{6F34E5CE-5016-4E56-B981-0A34FB0E6579} = {FDDD628A-427D-408E-89D2-613F3572103C}
		{B8CF1DDE-9D56-4A3C-89B9-D097BCE6F874} = {25388734-3B93-4FE2-820A-A132C69F565D}
		{AA74DAC5-0EF7-4E3C-BAE0-BE70E7E58A14} = {78727259-D6D3-4FFD-8EA1-AD89F26C042D}
	EndGlobalSection
	GlobalSection(ExtensibilityGlobals) = postSolution
		SolutionGuid = {0D7E5627-8A3F-4EA2-A5DD-8249C2FAF2E8}
	EndGlobalSection
EndGlobal
